Microsoft Visual Studio Solution File, Format Version 12.00
# Visual Studio 2013
VisualStudioVersion = 12.0.21005.1
MinimumVisualStudioVersion = 10.0.40219.1
Project("{FAE04EC0-301F-11D3-BF4B-00C04F79EFBC}") = "TouchScript", "TouchScript\TouchScript.csproj", "{128FD14A-9D70-4B07-8F9A-E85A511BA28B}"
EndProject
Project("{FAE04EC0-301F-11D3-BF4B-00C04F79EFBC}") = "OSCsharp", "TouchScript.Inputs\TUIOsharp\OSCsharp\OSCsharp.csproj", "{0ADB210D-0D25-4576-8868-9C47DC4762BE}"
EndProject
Project("{FAE04EC0-301F-11D3-BF4B-00C04F79EFBC}") = "TUIOsharp", "TouchScript.Inputs\TUIOsharp\TUIOsharp\TUIOsharp.csproj", "{6080AD8B-8ACD-4C0E-ABAD-26DB043E202B}"
EndProject
Project("{FAE04EC0-301F-11D3-BF4B-00C04F79EFBC}") = "TouchScript.Editor", "TouchScript.Editor\TouchScript.Editor.csproj", "{AFD89D67-B5D9-4BB7-BD73-A7A78568D61A}"
EndProject
Project("{FAE04EC0-301F-11D3-BF4B-00C04F79EFBC}") = "TouchScript.TUIO", "TouchScript.Inputs\TouchScript.TUIO\TouchScript.TUIO.csproj", "{BE1F19D3-E864-4A28-9717-EDD7FA69C2D6}"
EndProject
Project("{FAE04EC0-301F-11D3-BF4B-00C04F79EFBC}") = "TouchScript.Windows", "TouchScript.Inputs\TouchScript.Windows\TouchScript.Windows.csproj", "{6A8A2544-312D-45F2-BDE1-A16058E2AD99}"
EndProject
Project("{FAE04EC0-301F-11D3-BF4B-00C04F79EFBC}") = "TouchScript.TUIO.Editor", "TouchScript.Inputs\TouchScript.TUIO.Editor\TouchScript.TUIO.Editor.csproj", "{F95D2781-B409-42BF-BDAF-6FC4C894A8F3}"
EndProject
Project("{FAE04EC0-301F-11D3-BF4B-00C04F79EFBC}") = "TouchScript.Windows.Editor", "TouchScript.Inputs\TouchScript.Windows.Editor\TouchScript.Windows.Editor.csproj", "{9CE60248-37AB-4077-A1EA-CD4FD194951F}"
EndProject
Global
	GlobalSection(SolutionConfigurationPlatforms) = preSolution
		Debug|Any CPU = Debug|Any CPU
		Release|Any CPU = Release|Any CPU
	EndGlobalSection
	GlobalSection(ProjectConfigurationPlatforms) = postSolution
		{128FD14A-9D70-4B07-8F9A-E85A511BA28B}.Debug|Any CPU.ActiveCfg = Debug|Any CPU
		{128FD14A-9D70-4B07-8F9A-E85A511BA28B}.Debug|Any CPU.Build.0 = Debug|Any CPU
		{128FD14A-9D70-4B07-8F9A-E85A511BA28B}.Release|Any CPU.ActiveCfg = Release|Any CPU
		{128FD14A-9D70-4B07-8F9A-E85A511BA28B}.Release|Any CPU.Build.0 = Release|Any CPU
		{0ADB210D-0D25-4576-8868-9C47DC4762BE}.Debug|Any CPU.ActiveCfg = Debug|Any CPU
		{0ADB210D-0D25-4576-8868-9C47DC4762BE}.Debug|Any CPU.Build.0 = Debug|Any CPU
		{0ADB210D-0D25-4576-8868-9C47DC4762BE}.Release|Any CPU.ActiveCfg = Release|Any CPU
		{0ADB210D-0D25-4576-8868-9C47DC4762BE}.Release|Any CPU.Build.0 = Release|Any CPU
		{6080AD8B-8ACD-4C0E-ABAD-26DB043E202B}.Debug|Any CPU.ActiveCfg = Debug|Any CPU
		{6080AD8B-8ACD-4C0E-ABAD-26DB043E202B}.Debug|Any CPU.Build.0 = Debug|Any CPU
		{6080AD8B-8ACD-4C0E-ABAD-26DB043E202B}.Release|Any CPU.ActiveCfg = Release|Any CPU
		{6080AD8B-8ACD-4C0E-ABAD-26DB043E202B}.Release|Any CPU.Build.0 = Release|Any CPU
		{AFD89D67-B5D9-4BB7-BD73-A7A78568D61A}.Debug|Any CPU.ActiveCfg = Debug|Any CPU
		{AFD89D67-B5D9-4BB7-BD73-A7A78568D61A}.Debug|Any CPU.Build.0 = Debug|Any CPU
		{AFD89D67-B5D9-4BB7-BD73-A7A78568D61A}.Release|Any CPU.ActiveCfg = Release|Any CPU
		{AFD89D67-B5D9-4BB7-BD73-A7A78568D61A}.Release|Any CPU.Build.0 = Release|Any CPU
		{BE1F19D3-E864-4A28-9717-EDD7FA69C2D6}.Debug|Any CPU.ActiveCfg = Debug|Any CPU
		{BE1F19D3-E864-4A28-9717-EDD7FA69C2D6}.Debug|Any CPU.Build.0 = Debug|Any CPU
		{BE1F19D3-E864-4A28-9717-EDD7FA69C2D6}.Release|Any CPU.ActiveCfg = Release|Any CPU
		{BE1F19D3-E864-4A28-9717-EDD7FA69C2D6}.Release|Any CPU.Build.0 = Release|Any CPU
		{6A8A2544-312D-45F2-BDE1-A16058E2AD99}.Debug|Any CPU.ActiveCfg = Debug|Any CPU
		{6A8A2544-312D-45F2-BDE1-A16058E2AD99}.Debug|Any CPU.Build.0 = Debug|Any CPU
		{6A8A2544-312D-45F2-BDE1-A16058E2AD99}.Release|Any CPU.ActiveCfg = Release|Any CPU
		{6A8A2544-312D-45F2-BDE1-A16058E2AD99}.Release|Any CPU.Build.0 = Release|Any CPU
		{F95D2781-B409-42BF-BDAF-6FC4C894A8F3}.Debug|Any CPU.ActiveCfg = Debug|Any CPU
		{F95D2781-B409-42BF-BDAF-6FC4C894A8F3}.Debug|Any CPU.Build.0 = Debug|Any CPU
		{F95D2781-B409-42BF-BDAF-6FC4C894A8F3}.Release|Any CPU.ActiveCfg = Release|Any CPU
		{F95D2781-B409-42BF-BDAF-6FC4C894A8F3}.Release|Any CPU.Build.0 = Release|Any CPU
		{9CE60248-37AB-4077-A1EA-CD4FD194951F}.Debug|Any CPU.ActiveCfg = Debug|Any CPU
		{9CE60248-37AB-4077-A1EA-CD4FD194951F}.Debug|Any CPU.Build.0 = Debug|Any CPU
		{9CE60248-37AB-4077-A1EA-CD4FD194951F}.Release|Any CPU.ActiveCfg = Release|Any CPU
		{9CE60248-37AB-4077-A1EA-CD4FD194951F}.Release|Any CPU.Build.0 = Release|Any CPU
	EndGlobalSection
	GlobalSection(SolutionProperties) = preSolution
		HideSolutionNode = FALSE
	EndGlobalSection
	GlobalSection(MonoDevelopProperties) = preSolution
		StartupItem = TouchScript\TouchScript.csproj
		Policies = $0
		$0.TextStylePolicy = $1
		$1.FileWidth = 120
		$1.inheritsSet = VisualStudio
		$1.inheritsScope = text/plain
		$1.scope = text/x-csharp
		$0.CSharpFormattingPolicy = $2
		$2.IndentSwitchBody = True
		$2.ElseNewLinePlacement = NewLine
		$2.ElseIfNewLinePlacement = SameLine
		$2.CatchNewLinePlacement = NewLine
		$2.FinallyNewLinePlacement = NewLine
		$2.WhileNewLinePlacement = NewLine
		$2.BeforeMethodDeclarationParentheses = False
		$2.BeforeMethodCallParentheses = False
		$2.BeforeConstructorDeclarationParentheses = False
		$2.BeforeIndexerDeclarationBracket = False
		$2.BeforeDelegateDeclarationParentheses = False
		$2.AfterDelegateDeclarationParameterComma = True
		$2.NewParentheses = False
		$2.SpacesBeforeBrackets = False
		$2.inheritsSet = Mono
		$2.inheritsScope = text/x-csharp
		$2.scope = text/x-csharp
	EndGlobalSection
EndGlobal
